
Microsoft Visual Studio Solution File, Format Version 12.00
# Visual Studio Version 16
VisualStudioVersion = 16.0.31729.503
MinimumVisualStudioVersion = 10.0.40219.1
Project("{FAE04EC0-301F-11D3-BF4B-00C04F79EFBC}") = "CatalogoTenisWeb", "CatalogoTenisWeb\CatalogoTenisWeb.csproj", "{6850FF2B-8D53-47B6-A7E8-364DC68A8BE9}"
EndProject
Global
	GlobalSection(SolutionConfigurationPlatforms) = preSolution
		Debug|Any CPU = Debug|Any CPU
		Release|Any CPU = Release|Any CPU
	EndGlobalSection
	GlobalSection(ProjectConfigurationPlatforms) = postSolution
		{6850FF2B-8D53-47B6-A7E8-364DC68A8BE9}.Debug|Any CPU.ActiveCfg = Debug|Any CPU
		{6850FF2B-8D53-47B6-A7E8-364DC68A8BE9}.Debug|Any CPU.Build.0 = Debug|Any CPU
		{6850FF2B-8D53-47B6-A7E8-364DC68A8BE9}.Release|Any CPU.ActiveCfg = Release|Any CPU
		{6850FF2B-8D53-47B6-A7E8-364DC68A8BE9}.Release|Any CPU.Build.0 = Release|Any CPU
	EndGlobalSection
	GlobalSection(SolutionProperties) = preSolution
		HideSolutionNode = FALSE
	EndGlobalSection
	GlobalSection(ExtensibilityGlobals) = postSolution
		SolutionGuid = {1F679A3E-233B-41F9-B864-23E56954E77F}
	EndGlobalSection
EndGlobal
